
Microsoft Visual Studio Solution File, Format Version 12.00
# Visual Studio Version 16
VisualStudioVersion = 16.0.31229.75
MinimumVisualStudioVersion = 10.0.40219.1
Project("{8BC9CEB8-8B4A-11D0-8D11-00A0C91BC942}") = "PG20DaiyongKim_AOOP_a2", "PG20DaiyongKim_AOOP_a2\PG20DaiyongKim_AOOP_a2.vcxproj", "{A8CD232E-0FFD-4140-948C-8926E9802E44}"
EndProject
Global
	GlobalSection(SolutionConfigurationPlatforms) = preSolution
		Debug|x64 = Debug|x64
		Debug|x86 = Debug|x86
		Release|x64 = Release|x64
		Release|x86 = Release|x86
	EndGlobalSection
	GlobalSection(ProjectConfigurationPlatforms) = postSolution
		{A8CD232E-0FFD-4140-948C-8926E9802E44}.Debug|x64.ActiveCfg = Debug|x64
		{A8CD232E-0FFD-4140-948C-8926E9802E44}.Debug|x64.Build.0 = Debug|x64
		{A8CD232E-0FFD-4140-948C-8926E9802E44}.Debug|x86.ActiveCfg = Debug|Win32
		{A8CD232E-0FFD-4140-948C-8926E9802E44}.Debug|x86.Build.0 = Debug|Win32
		{A8CD232E-0FFD-4140-948C-8926E9802E44}.Release|x64.ActiveCfg = Release|x64
		{A8CD232E-0FFD-4140-948C-8926E9802E44}.Release|x64.Build.0 = Release|x64
		{A8CD232E-0FFD-4140-948C-8926E9802E44}.Release|x86.ActiveCfg = Release|Win32
		{A8CD232E-0FFD-4140-948C-8926E9802E44}.Release|x86.Build.0 = Release|Win32
	EndGlobalSection
	GlobalSection(SolutionProperties) = preSolution
		HideSolutionNode = FALSE
	EndGlobalSection
	GlobalSection(ExtensibilityGlobals) = postSolution
		SolutionGuid = {1A02876F-362F-4772-907C-489999068E9D}
	EndGlobalSection
EndGlobal
